
Microsoft Visual Studio Solution File, Format Version 12.00
# Visual Studio Version 17
VisualStudioVersion = 17.11.35327.3
MinimumVisualStudioVersion = 10.0.40219.1
Project("{FAE04EC0-301F-11D3-BF4B-00C04F79EFBC}") = "ECommerceApp.API", "ECommerceApp.API\ECommerceApp.API.csproj", "{C15D6F19-C95A-42EE-B44D-A5715210807E}"
EndProject
Project("{FAE04EC0-301F-11D3-BF4B-00C04F79EFBC}") = "ECommerceApp.Domain", "ECommerceApp.Domain\ECommerceApp.Domain.csproj", "{2F509E7D-D712-4760-AD49-BBF447C80465}"
EndProject
Project("{FAE04EC0-301F-11D3-BF4B-00C04F79EFBC}") = "ECommerceApp.Application", "ECommerceApp.Application\ECommerceApp.Application.csproj", "{558B50AA-8660-4199-A4D1-CB814E42ABE9}"
EndProject
Project("{FAE04EC0-301F-11D3-BF4B-00C04F79EFBC}") = "ECommerceApp.Infrastructure", "ECommerceApp.Infrastructure\ECommerceApp.Infrastructure.csproj", "{552DCCBA-4AA7-4F6B-ACF7-270BFC1FF7BC}"
EndProject
Global
	GlobalSection(SolutionConfigurationPlatforms) = preSolution
		Debug|Any CPU = Debug|Any CPU
		Release|Any CPU = Release|Any CPU
	EndGlobalSection
	GlobalSection(ProjectConfigurationPlatforms) = postSolution
		{C15D6F19-C95A-42EE-B44D-A5715210807E}.Debug|Any CPU.ActiveCfg = Debug|Any CPU
		{C15D6F19-C95A-42EE-B44D-A5715210807E}.Debug|Any CPU.Build.0 = Debug|Any CPU
		{C15D6F19-C95A-42EE-B44D-A5715210807E}.Release|Any CPU.ActiveCfg = Release|Any CPU
		{C15D6F19-C95A-42EE-B44D-A5715210807E}.Release|Any CPU.Build.0 = Release|Any CPU
		{2F509E7D-D712-4760-AD49-BBF447C80465}.Debug|Any CPU.ActiveCfg = Debug|Any CPU
		{2F509E7D-D712-4760-AD49-BBF447C80465}.Debug|Any CPU.Build.0 = Debug|Any CPU
		{2F509E7D-D712-4760-AD49-BBF447C80465}.Release|Any CPU.ActiveCfg = Release|Any CPU
		{2F509E7D-D712-4760-AD49-BBF447C80465}.Release|Any CPU.Build.0 = Release|Any CPU
		{558B50AA-8660-4199-A4D1-CB814E42ABE9}.Debug|Any CPU.ActiveCfg = Debug|Any CPU
		{558B50AA-8660-4199-A4D1-CB814E42ABE9}.Debug|Any CPU.Build.0 = Debug|Any CPU
		{558B50AA-8660-4199-A4D1-CB814E42ABE9}.Release|Any CPU.ActiveCfg = Release|Any CPU
		{558B50AA-8660-4199-A4D1-CB814E42ABE9}.Release|Any CPU.Build.0 = Release|Any CPU
		{552DCCBA-4AA7-4F6B-ACF7-270BFC1FF7BC}.Debug|Any CPU.ActiveCfg = Debug|Any CPU
		{552DCCBA-4AA7-4F6B-ACF7-270BFC1FF7BC}.Debug|Any CPU.Build.0 = Debug|Any CPU
		{552DCCBA-4AA7-4F6B-ACF7-270BFC1FF7BC}.Release|Any CPU.ActiveCfg = Release|Any CPU
		{552DCCBA-4AA7-4F6B-ACF7-270BFC1FF7BC}.Release|Any CPU.Build.0 = Release|Any CPU
	EndGlobalSection
	GlobalSection(SolutionProperties) = preSolution
		HideSolutionNode = FALSE
	EndGlobalSection
	GlobalSection(ExtensibilityGlobals) = postSolution
		SolutionGuid = {6362CCDB-9232-40AB-AAA5-6D38C69A9061}
	EndGlobalSection
EndGlobal
